<Solution>
  <Project Path="../docker-compose.dcproj">
    <Build />
  </Project>
  <Folder Name="/Solution Items/">
    <File Path="../docker-compose.yml" />
    <File Path="../.dockerignore" />
    <File Path="../otel-collector-config.yml" />
    <File Path="../prometheus.yml" />
    <File Path="../run-tests.ps1" />
    <File Path="../run-tests.sh" />
    <File Path="../README.md" />
  </Folder>
  <Folder Name="/BuildingBlocks/">
    <Project Path="BuildingBlocks/Bizcore.BuildingBlocks/Bizcore.BuildingBlocks.csproj" />
    <Project Path="BuildingBlocks/Bizcore.BuildingBlocks.Grpc/Bizcore.BuildingBlocks.Grpc.csproj" />
    <Project Path="BuildingBlocks/Bizcore.BuildingBlocks.Storage/Bizcore.BuildingBlocks.Storage.csproj" />
    <Project Path="BuildingBlocks/Bizcore.Localization/Bizcore.Localization.csproj" />
  </Folder>
  <Folder Name="/Tests/">
    <Project Path="Tests/Bizcore.UnitTests/Bizcore.UnitTests.csproj" />
    <Project Path="Tests/Bizcore.ApiTests/Bizcore.ApiTests.csproj" />
    <Project Path="Tests/Bizcore.E2ETests/Bizcore.E2ETests.csproj" />
  </Folder>
  <Folder Name="/Gateway/">
    <Project Path="Gateway/Gateway.API/Gateway.API.csproj" />
  </Folder>
  <Folder Name="/Services/" />
  <Folder Name="/Services/Invoice/">
    <Project Path="Services/Invoice/Invoice.API/Invoice.API.csproj" />
  </Folder>
  <Folder Name="/Services/Payment/">
    <Project Path="Services/Payment/Payment.API/Payment.API.csproj" />
  </Folder>
  <Folder Name="/Services/Report/">
    <Project Path="Services/Report/Report.API/Report.API.csproj" />
  </Folder>
  <Folder Name="/Services/Orchestration/">
    <Project Path="Services/Orchestration/Orchestration.API/Orchestration.API.csproj" />
  </Folder>
  <Folder Name="/Services/Admin/">
    <Project Path="Services/Admin/Admin.API/Admin.API.csproj" />
  </Folder>
  <Folder Name="/Services/Audit/">
    <Project Path="Services/Audit/Audit.API/Audit.API.csproj" />
  </Folder>
  <Folder Name="/Services/File/">
    <Project Path="Services/File/File.API/File.API.csproj" />
  </Folder>
  <Folder Name="/Services/Customer/">
    <Project Path="Services/Customer/Customer.API/Customer.API.csproj" />
  </Folder>
  <Folder Name="/Services/Order/">
    <Project Path="Services/Order/Order.API/Order.API.csproj" />
  </Folder>
  <Folder Name="/Services/Product/">
    <Project Path="Services/Product/Product.API/Product.API.csproj" />
  </Folder>
  <Folder Name="/Services/Inventory/">
    <Project Path="Services/Inventory/Inventory.API/Inventory.API.csproj" />
  </Folder>
</Solution>
