<Solution>
  <Folder Name="/BuildingBlocks/">
    <Project Path="BuildingBlocks/Bizcore.BuildingBlocks/Bizcore.BuildingBlocks.csproj" />
  </Folder>
  <Folder Name="/Tests/">
    <Project Path="Tests/Bizcore.UnitTests/Bizcore.UnitTests.csproj" />
  </Folder>
  <Folder Name="/Gateway/">
    <Project Path="Gateway/Gateway.API/Gateway.API.csproj" />
  </Folder>
  <Folder Name="/Services/" />
  <Folder Name="/Services/Invoice/">
    <Project Path="Services/Invoice/Invoice.API/Invoice.API.csproj" />
  </Folder>
  <Folder Name="/Services/Payment/">
    <Project Path="Services/Payment/Payment.API/Payment.API.csproj" />
  </Folder>
  <Folder Name="/Services/Report/">
    <Project Path="Services/Report/Report.API/Report.API.csproj" />
  </Folder>
  <Folder Name="/Services/Orchestration/">
    <Project Path="Services/Orchestration/Orchestration.API/Orchestration.API.csproj" />
  </Folder>
  <Folder Name="/Services/Admin/">
    <Project Path="Services/Admin/Admin.API/Admin.API.csproj" />
  </Folder>
  <Folder Name="/Services/Audit/">
    <Project Path="Services/Audit/Audit.API/Audit.API.csproj" />
  </Folder>
</Solution>
